
Microsoft Visual Studio Solution File, Format Version 12.00
# Visual Studio Version 17
VisualStudioVersion = 17.2.32602.215
MinimumVisualStudioVersion = 10.0.40219.1
Project("{FAE04EC0-301F-11D3-BF4B-00C04F79EFBC}") = "BlobAppSample", "BlobAppSample.csproj", "{4A6EAC4D-7E39-432D-A549-D5A70AFC0146}"
EndProject
Global
	GlobalSection(SolutionConfigurationPlatforms) = preSolution
		Debug|Any CPU = Debug|Any CPU
		Release|Any CPU = Release|Any CPU
	EndGlobalSection
	GlobalSection(ProjectConfigurationPlatforms) = postSolution
		{4A6EAC4D-7E39-432D-A549-D5A70AFC0146}.Debug|Any CPU.ActiveCfg = Debug|Any CPU
		{4A6EAC4D-7E39-432D-A549-D5A70AFC0146}.Debug|Any CPU.Build.0 = Debug|Any CPU
		{4A6EAC4D-7E39-432D-A549-D5A70AFC0146}.Release|Any CPU.ActiveCfg = Release|Any CPU
		{4A6EAC4D-7E39-432D-A549-D5A70AFC0146}.Release|Any CPU.Build.0 = Release|Any CPU
	EndGlobalSection
	GlobalSection(SolutionProperties) = preSolution
		HideSolutionNode = FALSE
	EndGlobalSection
	GlobalSection(ExtensibilityGlobals) = postSolution
		SolutionGuid = {A28EDC0C-B004-4925-A246-3F80A068E163}
	EndGlobalSection
EndGlobal
